# THIS IS AN AUTOGENERATED FILE. DO NOT EDIT THIS FILE DIRECTLY.
# yarn lockfile v1


openzeppelin-solidity@^4.6.0:
  version "4.6.0"
  resolved "https://registry.yarnpkg.com/openzeppelin-solidity/-/openzeppelin-solidity-4.6.0.tgz#a65a4e11dc72f46a9e2eb691fc9aeff2d70fe189"
  integrity sha512-Os4FUzc5V+4U2lpFyJA0kWh5fy3AZhYgS8CmB3Db4c4NGd3SsjFzuvWjBybn7NA4KZG7Gf6Lb7BdS8Cxb8Adtw==
